// !$*UTF8*$!
{
	archiveVersion = 1;
	classes = {
	};
	objectVersion = 50;
	objects = {

/* Begin PBXBuildFile section */
		BADE0B7C22AF9F55004CCC5B /* AppDelegate.swift in Sources */ = {isa = PBXBuildFile; fileRef = BADE0B7B22AF9F55004CCC5B /* AppDelegate.swift */; };
		BADE0B7E22AF9F55004CCC5B /* ViewController.swift in Sources */ = {isa = PBXBuildFile; fileRef = BADE0B7D22AF9F55004CCC5B /* ViewController.swift */; };
		BADE0B8122AF9F55004CCC5B /* Main.storyboard in Resources */ = {isa = PBXBuildFile; fileRef = BADE0B7F22AF9F55004CCC5B /* Main.storyboard */; };
		BADE0B8322AF9F56004CCC5B /* Assets.xcassets in Resources */ = {isa = PBXBuildFile; fileRef = BADE0B8222AF9F56004CCC5B /* Assets.xcassets */; };
		BADE0B8622AF9F56004CCC5B /* LaunchScreen.storyboard in Resources */ = {isa = PBXBuildFile; fileRef = BADE0B8422AF9F56004CCC5B /* LaunchScreen.storyboard */; };
		BADE0B9522AFB47C004CCC5B /* GridCollectionViewCell.swift in Sources */ = {isa = PBXBuildFile; fileRef = BADE0B9322AFB47C004CCC5B /* GridCollectionViewCell.swift */; };
		BADE0B9622AFB47C004CCC5B /* GridCollectionViewCell.xib in Resources */ = {isa = PBXBuildFile; fileRef = BADE0B9422AFB47C004CCC5B /* GridCollectionViewCell.xib */; };
/* End PBXBuildFile section */

/* Begin PBXFileReference section */
		BADE0B7822AF9F55004CCC5B /* CollectionView.app */ = {isa = PBXFileReference; explicitFileType = wrapper.application; includeInIndex = 0; path = CollectionView.app; sourceTree = BUILT_PRODUCTS_DIR; };
		BADE0B7B22AF9F55004CCC5B /* AppDelegate.swift */ = {isa = PBXFileReference; lastKnownFileType = sourcecode.swift; path = AppDelegate.swift; sourceTree = "<group>"; };
		BADE0B7D22AF9F55004CCC5B /* ViewController.swift */ = {isa = PBXFileReference; lastKnownFileType = sourcecode.swift; path = ViewController.swift; sourceTree = "<group>"; };
		BADE0B8022AF9F55004CCC5B /* Base */ = {isa = PBXFileReference; lastKnownFileType = file.storyboard; name = Base; path = Base.lproj/Main.storyboard; sourceTree = "<group>"; };
		BADE0B8222AF9F56004CCC5B /* Assets.xcassets */ = {isa = PBXFileReference; lastKnownFileType = folder.assetcatalog; path = Assets.xcassets; sourceTree = "<group>"; };
		BADE0B8522AF9F56004CCC5B /* Base */ = {isa = PBXFileReference; lastKnownFileType = file.storyboard; name = Base; path = Base.lproj/LaunchScreen.storyboard; sourceTree = "<group>"; };
		BADE0B8722AF9F56004CCC5B /* Info.plist */ = {isa = PBXFileReference; lastKnownFileType = text.plist.xml; path = Info.plist; sourceTree = "<group>"; };
		BADE0B9322AFB47C004CCC5B /* GridCollectionViewCell.swift */ = {isa = PBXFileReference; lastKnownFileType = sourcecode.swift; name = GridCollectionViewCell.swift; path = CollectionView/GridCollectionViewCell.swift; sourceTree = "<group>"; };
		BADE0B9422AFB47C004CCC5B /* GridCollectionViewCell.xib */ = {isa = PBXFileReference; lastKnownFileType = file.xib; name = GridCollectionViewCell.xib; path = CollectionView/GridCollectionViewCell.xib; sourceTree = "<group>"; };
/* End PBXFileReference section */

/* Begin PBXFrameworksBuildPhase section */
		BADE0B7522AF9F55004CCC5B /* Frameworks */ = {
			isa = PBXFrameworksBuildPhase;
			buildActionMask = 2147483647;
			files = (
			);
			runOnlyForDeploymentPostprocessing = 0;
		};
/* End PBXFrameworksBuildPhase section */

/* Begin PBXGroup section */
		BADE0B6F22AF9F55004CCC5B = {
			isa = PBXGroup;
			children = (
				BADE0B9322AFB47C004CCC5B /* GridCollectionViewCell.swift */,
				BADE0B9422AFB47C004CCC5B /* GridCollectionViewCell.xib */,
				BADE0B7A22AF9F55004CCC5B /* CollectionView */,
				BADE0B7922AF9F55004CCC5B /* Products */,
			);
			sourceTree = "<group>";
		};
		BADE0B7922AF9F55004CCC5B /* Products */ = {
			isa = PBXGroup;
			children = (
				BADE0B7822AF9F55004CCC5B /* CollectionView.app */,
			);
			name = Products;
			sourceTree = "<group>";
		};
		BADE0B7A22AF9F55004CCC5B /* CollectionView */ = {
			isa = PBXGroup;
			children = (
				BADE0B7B22AF9F55004CCC5B /* AppDelegate.swift */,
				BADE0B7D22AF9F55004CCC5B /* ViewController.swift */,
				BADE0B7F22AF9F55004CCC5B /* Main.storyboard */,
				BADE0B8222AF9F56004CCC5B /* Assets.xcassets */,
				BADE0B8422AF9F56004CCC5B /* LaunchScreen.storyboard */,
				BADE0B8722AF9F56004CCC5B /* Info.plist */,
			);
			path = CollectionView;
			sourceTree = "<group>";
		};
/* End PBXGroup section */

/* Begin PBXNativeTarget section */
		BADE0B7722AF9F55004CCC5B /* CollectionView */ = {
			isa = PBXNativeTarget;
			buildConfigurationList = BADE0B8A22AF9F56004CCC5B /* Build configuration list for PBXNativeTarget "CollectionView" */;
			buildPhases = (
				BADE0B7422AF9F55004CCC5B /* Sources */,
				BADE0B7522AF9F55004CCC5B /* Frameworks */,
				BADE0B7622AF9F55004CCC5B /* Resources */,
			);
			buildRules = (
			);
			dependencies = (
			);
			name = CollectionView;
			productName = CollectionView;
			productReference = BADE0B7822AF9F55004CCC5B /* CollectionView.app */;
			productType = "com.apple.product-type.application";
		};
/* End PBXNativeTarget section */

/* Begin PBXProject section */
		BADE0B7022AF9F55004CCC5B /* Project object */ = {
			isa = PBXProject;
			attributes = {
				LastSwiftUpdateCheck = 1020;
				LastUpgradeCheck = 1020;
				ORGANIZATIONNAME = AppTask;
				TargetAttributes = {
					BADE0B7722AF9F55004CCC5B = {
						CreatedOnToolsVersion = 10.2.1;
					};
				};
			};
			buildConfigurationList = BADE0B7322AF9F55004CCC5B /* Build configuration list for PBXProject "CollectionView" */;
			compatibilityVersion = "Xcode 9.3";
			developmentRegion = en;
			hasScannedForEncodings = 0;
			knownRegions = (
				en,
				Base,
			);
			mainGroup = BADE0B6F22AF9F55004CCC5B;
			productRefGroup = BADE0B7922AF9F55004CCC5B /* Products */;
			projectDirPath = "";
			projectRoot = "";
			targets = (
				BADE0B7722AF9F55004CCC5B /* CollectionView */,
			);
		};
/* End PBXProject section */

/* Begin PBXResourcesBuildPhase section */
		BADE0B7622AF9F55004CCC5B /* Resources */ = {
			isa = PBXResourcesBuildPhase;
			buildActionMask = 2147483647;
			files = (
				BADE0B9622AFB47C004CCC5B /* GridCollectionViewCell.xib in Resources */,
				BADE0B8622AF9F56004CCC5B /* LaunchScreen.storyboard in Resources */,
				BADE0B8322AF9F56004CCC5B /* Assets.xcassets in Resources */,
				BADE0B8122AF9F55004CCC5B /* Main.storyboard in Resources */,
			);
			runOnlyForDeploymentPostprocessing = 0;
		};
/* End PBXResourcesBuildPhase section */

/* Begin PBXSourcesBuildPhase section */
		BADE0B7422AF9F55004CCC5B /* Sources */ = {
			isa = PBXSourcesBuildPhase;
			buildActionMask = 2147483647;
			files = (
				BADE0B9522AFB47C004CCC5B /* GridCollectionViewCell.swift in Sources */,
				BADE0B7E22AF9F55004CCC5B /* ViewController.swift in Sources */,
				BADE0B7C22AF9F55004CCC5B /* AppDelegate.swift in Sources */,
			);
			runOnlyForDeploymentPostprocessing = 0;
		};
/* End PBXSourcesBuildPhase section */

/* Begin PBXVariantGroup section */
		BADE0B7F22AF9F55004CCC5B /* Main.storyboard */ = {
			isa = PBXVariantGroup;
			children = (
				BADE0B8022AF9F55004CCC5B /* Base */,
			);
			name = Main.storyboard;
			sourceTree = "<group>";
		};
		BADE0B8422AF9F56004CCC5B /* LaunchScreen.storyboard */ = {
			isa = PBXVariantGroup;
			children = (
				BADE0B8522AF9F56004CCC5B /* Base */,
			);
			name = LaunchScreen.storyboard;
			sourceTree = "<group>";
		};
/* End PBXVariantGroup section */

/* Begin XCBuildConfiguration section */
		BADE0B8822AF9F56004CCC5B /* Debug */ = {
			isa = XCBuildConfiguration;
			buildSettings = {
				ALWAYS_SEARCH_USER_PATHS = NO;
				CLANG_ANALYZER_NONNULL = YES;
				CLANG_ANALYZER_NUMBER_OBJECT_CONVERSION = YES_AGGRESSIVE;
				CLANG_CXX_LANGUAGE_STANDARD = "gnu++14";
				CLANG_CXX_LIBRARY = "libc++";
				CLANG_ENABLE_MODULES = YES;
				CLANG_ENABLE_OBJC_ARC = YES;
				CLANG_ENABLE_OBJC_WEAK = YES;
				CLANG_WARN_BLOCK_CAPTURE_AUTORELEASING = YES;
				CLANG_WARN_BOOL_CONVERSION = YES;
				CLANG_WARN_COMMA = YES;
				CLANG_WARN_CONSTANT_CONVERSION = YES;
				CLANG_WARN_DEPRECATED_OBJC_IMPLEMENTATIONS = YES;
				CLANG_WARN_DIRECT_OBJC_ISA_USAGE = YES_ERROR;
				CLANG_WARN_DOCUMENTATION_COMMENTS = YES;
				CLANG_WARN_EMPTY_BODY = YES;
				CLANG_WARN_ENUM_CONVERSION = YES;
				CLANG_WARN_INFINITE_RECURSION = YES;
				CLANG_WARN_INT_CONVERSION = YES;
				CLANG_WARN_NON_LITERAL_NULL_CONVERSION = YES;
				CLANG_WARN_OBJC_IMPLICIT_RETAIN_SELF = YES;
				CLANG_WARN_OBJC_LITERAL_CONVERSION = YES;
				CLANG_WARN_OBJC_ROOT_CLASS = YES_ERROR;
				CLANG_WARN_RANGE_LOOP_ANALYSIS = YES;
				CLANG_WARN_STRICT_PROTOTYPES = YES;
				CLANG_WARN_SUSPICIOUS_MOVE = YES;
				CLANG_WARN_UNGUARDED_AVAILABILITY = YES_AGGRESSIVE;
				CLANG_WARN_UNREACHABLE_CODE = YES;
				CLANG_WARN__DUPLICATE_METHOD_MATCH = YES;
				CODE_SIGN_IDENTITY = "iPhone Developer";
				COPY_PHASE_STRIP = NO;
				DEBUG_INFORMATION_FORMAT = dwarf;
				ENABLE_STRICT_OBJC_MSGSEND = YES;
				ENABLE_TESTABILITY = YES;
				GCC_C_LANGUAGE_STANDARD = gnu11;
				GCC_DYNAMIC_NO_PIC = NO;
				GCC_NO_COMMON_BLOCKS = YES;
				GCC_OPTIMIZATION_LEVEL = 0;
				GCC_PREPROCESSOR_DEFINITIONS = (
					"DEBUG=1",
					"$(inherited)",
				);
				GCC_WARN_64_TO_32_BIT_CONVERSION = YES;
				GCC_WARN_ABOUT_RETURN_TYPE = YES_ERROR;
				GCC_WARN_UNDECLARED_SELECTOR = YES;
				GCC_WARN_UNINITIALIZED_AUTOS = YES_AGGRESSIVE;
				GCC_WARN_UNUSED_FUNCTION = YES;
				GCC_WARN_UNUSED_VARIABLE = YES;
				IPHONEOS_DEPLOYMENT_TARGET = 12.2;
				MTL_ENABLE_DEBUG_INFO = INCLUDE_SOURCE;
				MTL_FAST_MATH = YES;
				ONLY_ACTIVE_ARCH = YES;
				SDKROOT = iphoneos;
				SWIFT_ACTIVE_COMPILATION_CONDITIONS = DEBUG;
				SWIFT_OPTIMIZATION_LEVEL = "-Onone";
			};
			name = Debug;
		};
		BADE0B8922AF9F56004CCC5B /* Release */ = {
			isa = XCBuildConfiguration;
			buildSettings = {
				ALWAYS_SEARCH_USER_PATHS = NO;
				CLANG_ANALYZER_NONNULL = YES;
				CLANG_ANALYZER_NUMBER_OBJECT_CONVERSION = YES_AGGRESSIVE;
				CLANG_CXX_LANGUAGE_STANDARD = "gnu++14";
				CLANG_CXX_LIBRARY = "libc++";
				CLANG_ENABLE_MODULES = YES;
				CLANG_ENABLE_OBJC_ARC = YES;
				CLANG_ENABLE_OBJC_WEAK = YES;
				CLANG_WARN_BLOCK_CAPTURE_AUTORELEASING = YES;
				CLANG_WARN_BOOL_CONVERSION = YES;
				CLANG_WARN_COMMA = YES;
				CLANG_WARN_CONSTANT_CONVERSION = YES;
				CLANG_WARN_DEPRECATED_OBJC_IMPLEMENTATIONS = YES;
				CLANG_WARN_DIRECT_OBJC_ISA_USAGE = YES_ERROR;
				CLANG_WARN_DOCUMENTATION_COMMENTS = YES;
				CLANG_WARN_EMPTY_BODY = YES;
				CLANG_WARN_ENUM_CONVERSION = YES;
				CLANG_WARN_INFINITE_RECURSION = YES;
				CLANG_WARN_INT_CONVERSION = YES;
				CLANG_WARN_NON_LITERAL_NULL_CONVERSION = YES;
				CLANG_WARN_OBJC_IMPLICIT_RETAIN_SELF = YES;
				CLANG_WARN_OBJC_LITERAL_CONVERSION = YES;
				CLANG_WARN_OBJC_ROOT_CLASS = YES_ERROR;
				CLANG_WARN_RANGE_LOOP_ANALYSIS = YES;
				CLANG_WARN_STRICT_PROTOTYPES = YES;
				CLANG_WARN_SUSPICIOUS_MOVE = YES;
				CLANG_WARN_UNGUARDED_AVAILABILITY = YES_AGGRESSIVE;
				CLANG_WARN_UNREACHABLE_CODE = YES;
				CLANG_WARN__DUPLICATE_METHOD_MATCH = YES;
				CODE_SIGN_IDENTITY = "iPhone Developer";
				COPY_PHASE_STRIP = NO;
				DEBUG_INFORMATION_FORMAT = "dwarf-with-dsym";
				ENABLE_NS_ASSERTIONS = NO;
				ENABLE_STRICT_OBJC_MSGSEND = YES;
				GCC_C_LANGUAGE_STANDARD = gnu11;
				GCC_NO_COMMON_BLOCKS = YES;
				GCC_WARN_64_TO_32_BIT_CONVERSION = YES;
				GCC_WARN_ABOUT_RETURN_TYPE = YES_ERROR;
				GCC_WARN_UNDECLARED_SELECTOR = YES;
				GCC_WARN_UNINITIALIZED_AUTOS = YES_AGGRESSIVE;
				GCC_WARN_UNUSED_FUNCTION = YES;
				GCC_WARN_UNUSED_VARIABLE = YES;
				IPHONEOS_DEPLOYMENT_TARGET = 12.2;
				MTL_ENABLE_DEBUG_INFO = NO;
				MTL_FAST_MATH = YES;
				SDKROOT = iphoneos;
				SWIFT_COMPILATION_MODE = wholemodule;
				SWIFT_OPTIMIZATION_LEVEL = "-O";
				VALIDATE_PRODUCT = YES;
			};
			name = Release;
		};
		BADE0B8B22AF9F56004CCC5B /* Debug */ = {
			isa = XCBuildConfiguration;
			buildSettings = {
				ASSETCATALOG_COMPILER_APPICON_NAME = AppIcon;
				CODE_SIGN_STYLE = Automatic;
				DEVELOPMENT_TEAM = 92NX78TUAV;
				INFOPLIST_FILE = CollectionView/Info.plist;
				LD_RUNPATH_SEARCH_PATHS = (
					"$(inherited)",
					"@executable_path/Frameworks",
				);
				PRODUCT_BUNDLE_IDENTIFIER = hk.com.AppTask.CollectionView;
				PRODUCT_NAME = "$(TARGET_NAME)";
				SWIFT_VERSION = 5.0;
				TARGETED_DEVICE_FAMILY = "1,2";
			};
			name = Debug;
		};
		BADE0B8C22AF9F56004CCC5B /* Release */ = {
			isa = XCBuildConfiguration;
			buildSettings = {
				ASSETCATALOG_COMPILER_APPICON_NAME = AppIcon;
				CODE_SIGN_STYLE = Automatic;
				DEVELOPMENT_TEAM = 92NX78TUAV;
				INFOPLIST_FILE = CollectionView/Info.plist;
				LD_RUNPATH_SEARCH_PATHS = (
					"$(inherited)",
					"@executable_path/Frameworks",
				);
				PRODUCT_BUNDLE_IDENTIFIER = hk.com.AppTask.CollectionView;
				PRODUCT_NAME = "$(TARGET_NAME)";
				SWIFT_VERSION = 5.0;
				TARGETED_DEVICE_FAMILY = "1,2";
			};
			name = Release;
		};
/* End XCBuildConfiguration section */

/* Begin XCConfigurationList section */
		BADE0B7322AF9F55004CCC5B /* Build configuration list for PBXProject "CollectionView" */ = {
			isa = XCConfigurationList;
			buildConfigurations = (
				BADE0B8822AF9F56004CCC5B /* Debug */,
				BADE0B8922AF9F56004CCC5B /* Release */,
			);
			defaultConfigurationIsVisible = 0;
			defaultConfigurationName = Release;
		};
		BADE0B8A22AF9F56004CCC5B /* Build configuration list for PBXNativeTarget "CollectionView" */ = {
			isa = XCConfigurationList;
			buildConfigurations = (
				BADE0B8B22AF9F56004CCC5B /* Debug */,
				BADE0B8C22AF9F56004CCC5B /* Release */,
			);
			defaultConfigurationIsVisible = 0;
			defaultConfigurationName = Release;
		};
/* End XCConfigurationList section */
	};
	rootObject = BADE0B7022AF9F55004CCC5B /* Project object */;
}
